// !$*UTF8*$!
{
	archiveVersion = 1;
	classes = {
	};
	objectVersion = 55;
	objects = {

/* Begin PBXBuildFile section */
		5974D8522846396100EDE4E2 /* AppDelegate.swift in Sources */ = {isa = PBXBuildFile; fileRef = 5974D8512846396100EDE4E2 /* AppDelegate.swift */; };
		5974D8542846396100EDE4E2 /* SceneDelegate.swift in Sources */ = {isa = PBXBuildFile; fileRef = 5974D8532846396100EDE4E2 /* SceneDelegate.swift */; };
		5974D8562846396100EDE4E2 /* AuthViewController.swift in Sources */ = {isa = PBXBuildFile; fileRef = 5974D8552846396100EDE4E2 /* AuthViewController.swift */; };
		5974D85B2846396400EDE4E2 /* Assets.xcassets in Resources */ = {isa = PBXBuildFile; fileRef = 5974D85A2846396400EDE4E2 /* Assets.xcassets */; };
		5974D85E2846396400EDE4E2 /* LaunchScreen.storyboard in Resources */ = {isa = PBXBuildFile; fileRef = 5974D85C2846396400EDE4E2 /* LaunchScreen.storyboard */; };
		5974D86628463AF200EDE4E2 /* .gitignore in Resources */ = {isa = PBXBuildFile; fileRef = 5974D86528463AF200EDE4E2 /* .gitignore */; };
		5974D86D28466F3700EDE4E2 /* UIButton + Extension.swift in Sources */ = {isa = PBXBuildFile; fileRef = 5974D86C28466F3700EDE4E2 /* UIButton + Extension.swift */; };
		5974D86F2846715F00EDE4E2 /* UIFont + Extension.swift in Sources */ = {isa = PBXBuildFile; fileRef = 5974D86E2846715F00EDE4E2 /* UIFont + Extension.swift */; };
		5974D8712846726600EDE4E2 /* UIColor + Extension.swift in Sources */ = {isa = PBXBuildFile; fileRef = 5974D8702846726600EDE4E2 /* UIColor + Extension.swift */; };
		5974D87328467B0700EDE4E2 /* UILabel + Extension.swift in Sources */ = {isa = PBXBuildFile; fileRef = 5974D87228467B0700EDE4E2 /* UILabel + Extension.swift */; };
		5974D87528467BF100EDE4E2 /* UIImageView + Extension.swift in Sources */ = {isa = PBXBuildFile; fileRef = 5974D87428467BF100EDE4E2 /* UIImageView + Extension.swift */; };
		5974D87828477FEE00EDE4E2 /* ButtonFormView.swift in Sources */ = {isa = PBXBuildFile; fileRef = 5974D87728477FEE00EDE4E2 /* ButtonFormView.swift */; };
		59D804F728479230006B75A2 /* UIStackView + Extension.swift in Sources */ = {isa = PBXBuildFile; fileRef = 59D804F628479230006B75A2 /* UIStackView + Extension.swift */; };
/* End PBXBuildFile section */

/* Begin PBXFileReference section */
		5974D84E2846396100EDE4E2 /* Chat4You.app */ = {isa = PBXFileReference; explicitFileType = wrapper.application; includeInIndex = 0; path = Chat4You.app; sourceTree = BUILT_PRODUCTS_DIR; };
		5974D8512846396100EDE4E2 /* AppDelegate.swift */ = {isa = PBXFileReference; lastKnownFileType = sourcecode.swift; path = AppDelegate.swift; sourceTree = "<group>"; };
		5974D8532846396100EDE4E2 /* SceneDelegate.swift */ = {isa = PBXFileReference; lastKnownFileType = sourcecode.swift; path = SceneDelegate.swift; sourceTree = "<group>"; };
		5974D8552846396100EDE4E2 /* AuthViewController.swift */ = {isa = PBXFileReference; lastKnownFileType = sourcecode.swift; path = AuthViewController.swift; sourceTree = "<group>"; };
		5974D85A2846396400EDE4E2 /* Assets.xcassets */ = {isa = PBXFileReference; lastKnownFileType = folder.assetcatalog; path = Assets.xcassets; sourceTree = "<group>"; };
		5974D85D2846396400EDE4E2 /* Base */ = {isa = PBXFileReference; lastKnownFileType = file.storyboard; name = Base; path = Base.lproj/LaunchScreen.storyboard; sourceTree = "<group>"; };
		5974D85F2846396400EDE4E2 /* Info.plist */ = {isa = PBXFileReference; lastKnownFileType = text.plist.xml; path = Info.plist; sourceTree = "<group>"; };
		5974D86528463AF200EDE4E2 /* .gitignore */ = {isa = PBXFileReference; fileEncoding = 4; lastKnownFileType = text; name = .gitignore; path = Chat4You/SupportFiles/.gitignore; sourceTree = SOURCE_ROOT; };
		5974D86C28466F3700EDE4E2 /* UIButton + Extension.swift */ = {isa = PBXFileReference; lastKnownFileType = sourcecode.swift; path = "UIButton + Extension.swift"; sourceTree = "<group>"; };
		5974D86E2846715F00EDE4E2 /* UIFont + Extension.swift */ = {isa = PBXFileReference; lastKnownFileType = sourcecode.swift; path = "UIFont + Extension.swift"; sourceTree = "<group>"; };
		5974D8702846726600EDE4E2 /* UIColor + Extension.swift */ = {isa = PBXFileReference; lastKnownFileType = sourcecode.swift; path = "UIColor + Extension.swift"; sourceTree = "<group>"; };
		5974D87228467B0700EDE4E2 /* UILabel + Extension.swift */ = {isa = PBXFileReference; lastKnownFileType = sourcecode.swift; path = "UILabel + Extension.swift"; sourceTree = "<group>"; };
		5974D87428467BF100EDE4E2 /* UIImageView + Extension.swift */ = {isa = PBXFileReference; lastKnownFileType = sourcecode.swift; path = "UIImageView + Extension.swift"; sourceTree = "<group>"; };
		5974D87728477FEE00EDE4E2 /* ButtonFormView.swift */ = {isa = PBXFileReference; lastKnownFileType = sourcecode.swift; path = ButtonFormView.swift; sourceTree = "<group>"; };
		59D804F628479230006B75A2 /* UIStackView + Extension.swift */ = {isa = PBXFileReference; lastKnownFileType = sourcecode.swift; path = "UIStackView + Extension.swift"; sourceTree = "<group>"; };
/* End PBXFileReference section */

/* Begin PBXFrameworksBuildPhase section */
		5974D84B2846396100EDE4E2 /* Frameworks */ = {
			isa = PBXFrameworksBuildPhase;
			buildActionMask = 2147483647;
			files = (
			);
			runOnlyForDeploymentPostprocessing = 0;
		};
/* End PBXFrameworksBuildPhase section */

/* Begin PBXGroup section */
		5974D8452846396100EDE4E2 = {
			isa = PBXGroup;
			children = (
				5974D8502846396100EDE4E2 /* Chat4You */,
				5974D84F2846396100EDE4E2 /* Products */,
			);
			sourceTree = "<group>";
		};
		5974D84F2846396100EDE4E2 /* Products */ = {
			isa = PBXGroup;
			children = (
				5974D84E2846396100EDE4E2 /* Chat4You.app */,
			);
			name = Products;
			sourceTree = "<group>";
		};
		5974D8502846396100EDE4E2 /* Chat4You */ = {
			isa = PBXGroup;
			children = (
				5974D87628477FDC00EDE4E2 /* Views */,
				5974D86828466E9200EDE4E2 /* ViewControllers */,
				5974D86B28466EBC00EDE4E2 /* Extensions */,
				5974D86728466E7A00EDE4E2 /* SupportFiles */,
				5974D86928466EA200EDE4E2 /* Resources */,
				5974D86A28466EAC00EDE4E2 /* Storyboards */,
			);
			path = Chat4You;
			sourceTree = "<group>";
		};
		5974D86728466E7A00EDE4E2 /* SupportFiles */ = {
			isa = PBXGroup;
			children = (
				5974D8512846396100EDE4E2 /* AppDelegate.swift */,
				5974D8532846396100EDE4E2 /* SceneDelegate.swift */,
				5974D85F2846396400EDE4E2 /* Info.plist */,
				5974D86528463AF200EDE4E2 /* .gitignore */,
			);
			path = SupportFiles;
			sourceTree = "<group>";
		};
		5974D86828466E9200EDE4E2 /* ViewControllers */ = {
			isa = PBXGroup;
			children = (
				5974D8552846396100EDE4E2 /* AuthViewController.swift */,
			);
			path = ViewControllers;
			sourceTree = "<group>";
		};
		5974D86928466EA200EDE4E2 /* Resources */ = {
			isa = PBXGroup;
			children = (
				5974D85A2846396400EDE4E2 /* Assets.xcassets */,
			);
			path = Resources;
			sourceTree = "<group>";
		};
		5974D86A28466EAC00EDE4E2 /* Storyboards */ = {
			isa = PBXGroup;
			children = (
				5974D85C2846396400EDE4E2 /* LaunchScreen.storyboard */,
			);
			path = Storyboards;
			sourceTree = "<group>";
		};
		5974D86B28466EBC00EDE4E2 /* Extensions */ = {
			isa = PBXGroup;
			children = (
				5974D86C28466F3700EDE4E2 /* UIButton + Extension.swift */,
				5974D86E2846715F00EDE4E2 /* UIFont + Extension.swift */,
				5974D8702846726600EDE4E2 /* UIColor + Extension.swift */,
				5974D87228467B0700EDE4E2 /* UILabel + Extension.swift */,
				5974D87428467BF100EDE4E2 /* UIImageView + Extension.swift */,
				59D804F628479230006B75A2 /* UIStackView + Extension.swift */,
			);
			path = Extensions;
			sourceTree = "<group>";
		};
		5974D87628477FDC00EDE4E2 /* Views */ = {
			isa = PBXGroup;
			children = (
				5974D87728477FEE00EDE4E2 /* ButtonFormView.swift */,
			);
			path = Views;
			sourceTree = "<group>";
		};
/* End PBXGroup section */

/* Begin PBXNativeTarget section */
		5974D84D2846396100EDE4E2 /* Chat4You */ = {
			isa = PBXNativeTarget;
			buildConfigurationList = 5974D8622846396400EDE4E2 /* Build configuration list for PBXNativeTarget "Chat4You" */;
			buildPhases = (
				5974D84A2846396100EDE4E2 /* Sources */,
				5974D84B2846396100EDE4E2 /* Frameworks */,
				5974D84C2846396100EDE4E2 /* Resources */,
			);
			buildRules = (
			);
			dependencies = (
			);
			name = Chat4You;
			productName = Chat4You;
			productReference = 5974D84E2846396100EDE4E2 /* Chat4You.app */;
			productType = "com.apple.product-type.application";
		};
/* End PBXNativeTarget section */

/* Begin PBXProject section */
		5974D8462846396100EDE4E2 /* Project object */ = {
			isa = PBXProject;
			attributes = {
				BuildIndependentTargetsInParallel = 1;
				LastSwiftUpdateCheck = 1320;
				LastUpgradeCheck = 1320;
				TargetAttributes = {
					5974D84D2846396100EDE4E2 = {
						CreatedOnToolsVersion = 13.2.1;
					};
				};
			};
			buildConfigurationList = 5974D8492846396100EDE4E2 /* Build configuration list for PBXProject "Chat4You" */;
			compatibilityVersion = "Xcode 13.0";
			developmentRegion = en;
			hasScannedForEncodings = 0;
			knownRegions = (
				en,
				Base,
			);
			mainGroup = 5974D8452846396100EDE4E2;
			productRefGroup = 5974D84F2846396100EDE4E2 /* Products */;
			projectDirPath = "";
			projectRoot = "";
			targets = (
				5974D84D2846396100EDE4E2 /* Chat4You */,
			);
		};
/* End PBXProject section */

/* Begin PBXResourcesBuildPhase section */
		5974D84C2846396100EDE4E2 /* Resources */ = {
			isa = PBXResourcesBuildPhase;
			buildActionMask = 2147483647;
			files = (
				5974D86628463AF200EDE4E2 /* .gitignore in Resources */,
				5974D85E2846396400EDE4E2 /* LaunchScreen.storyboard in Resources */,
				5974D85B2846396400EDE4E2 /* Assets.xcassets in Resources */,
			);
			runOnlyForDeploymentPostprocessing = 0;
		};
/* End PBXResourcesBuildPhase section */

/* Begin PBXSourcesBuildPhase section */
		5974D84A2846396100EDE4E2 /* Sources */ = {
			isa = PBXSourcesBuildPhase;
			buildActionMask = 2147483647;
			files = (
				5974D86F2846715F00EDE4E2 /* UIFont + Extension.swift in Sources */,
				5974D8562846396100EDE4E2 /* AuthViewController.swift in Sources */,
				5974D8522846396100EDE4E2 /* AppDelegate.swift in Sources */,
				59D804F728479230006B75A2 /* UIStackView + Extension.swift in Sources */,
				5974D87828477FEE00EDE4E2 /* ButtonFormView.swift in Sources */,
				5974D87328467B0700EDE4E2 /* UILabel + Extension.swift in Sources */,
				5974D87528467BF100EDE4E2 /* UIImageView + Extension.swift in Sources */,
				5974D8712846726600EDE4E2 /* UIColor + Extension.swift in Sources */,
				5974D8542846396100EDE4E2 /* SceneDelegate.swift in Sources */,
				5974D86D28466F3700EDE4E2 /* UIButton + Extension.swift in Sources */,
			);
			runOnlyForDeploymentPostprocessing = 0;
		};
/* End PBXSourcesBuildPhase section */

/* Begin PBXVariantGroup section */
		5974D85C2846396400EDE4E2 /* LaunchScreen.storyboard */ = {
			isa = PBXVariantGroup;
			children = (
				5974D85D2846396400EDE4E2 /* Base */,
			);
			name = LaunchScreen.storyboard;
			sourceTree = "<group>";
		};
/* End PBXVariantGroup section */

/* Begin XCBuildConfiguration section */
		5974D8602846396400EDE4E2 /* Debug */ = {
			isa = XCBuildConfiguration;
			buildSettings = {
				ALWAYS_SEARCH_USER_PATHS = NO;
				CLANG_ANALYZER_NONNULL = YES;
				CLANG_ANALYZER_NUMBER_OBJECT_CONVERSION = YES_AGGRESSIVE;
				CLANG_CXX_LANGUAGE_STANDARD = "gnu++17";
				CLANG_CXX_LIBRARY = "libc++";
				CLANG_ENABLE_MODULES = YES;
				CLANG_ENABLE_OBJC_ARC = YES;
				CLANG_ENABLE_OBJC_WEAK = YES;
				CLANG_WARN_BLOCK_CAPTURE_AUTORELEASING = YES;
				CLANG_WARN_BOOL_CONVERSION = YES;
				CLANG_WARN_COMMA = YES;
				CLANG_WARN_CONSTANT_CONVERSION = YES;
				CLANG_WARN_DEPRECATED_OBJC_IMPLEMENTATIONS = YES;
				CLANG_WARN_DIRECT_OBJC_ISA_USAGE = YES_ERROR;
				CLANG_WARN_DOCUMENTATION_COMMENTS = YES;
				CLANG_WARN_EMPTY_BODY = YES;
				CLANG_WARN_ENUM_CONVERSION = YES;
				CLANG_WARN_INFINITE_RECURSION = YES;
				CLANG_WARN_INT_CONVERSION = YES;
				CLANG_WARN_NON_LITERAL_NULL_CONVERSION = YES;
				CLANG_WARN_OBJC_IMPLICIT_RETAIN_SELF = YES;
				CLANG_WARN_OBJC_LITERAL_CONVERSION = YES;
				CLANG_WARN_OBJC_ROOT_CLASS = YES_ERROR;
				CLANG_WARN_QUOTED_INCLUDE_IN_FRAMEWORK_HEADER = YES;
				CLANG_WARN_RANGE_LOOP_ANALYSIS = YES;
				CLANG_WARN_STRICT_PROTOTYPES = YES;
				CLANG_WARN_SUSPICIOUS_MOVE = YES;
				CLANG_WARN_UNGUARDED_AVAILABILITY = YES_AGGRESSIVE;
				CLANG_WARN_UNREACHABLE_CODE = YES;
				CLANG_WARN__DUPLICATE_METHOD_MATCH = YES;
				COPY_PHASE_STRIP = NO;
				DEBUG_INFORMATION_FORMAT = dwarf;
				ENABLE_STRICT_OBJC_MSGSEND = YES;
				ENABLE_TESTABILITY = YES;
				GCC_C_LANGUAGE_STANDARD = gnu11;
				GCC_DYNAMIC_NO_PIC = NO;
				GCC_NO_COMMON_BLOCKS = YES;
				GCC_OPTIMIZATION_LEVEL = 0;
				GCC_PREPROCESSOR_DEFINITIONS = (
					"DEBUG=1",
					"$(inherited)",
				);
				GCC_WARN_64_TO_32_BIT_CONVERSION = YES;
				GCC_WARN_ABOUT_RETURN_TYPE = YES_ERROR;
				GCC_WARN_UNDECLARED_SELECTOR = YES;
				GCC_WARN_UNINITIALIZED_AUTOS = YES_AGGRESSIVE;
				GCC_WARN_UNUSED_FUNCTION = YES;
				GCC_WARN_UNUSED_VARIABLE = YES;
				IPHONEOS_DEPLOYMENT_TARGET = 15.2;
				MTL_ENABLE_DEBUG_INFO = INCLUDE_SOURCE;
				MTL_FAST_MATH = YES;
				ONLY_ACTIVE_ARCH = YES;
				SDKROOT = iphoneos;
				SWIFT_ACTIVE_COMPILATION_CONDITIONS = DEBUG;
				SWIFT_OPTIMIZATION_LEVEL = "-Onone";
			};
			name = Debug;
		};
		5974D8612846396400EDE4E2 /* Release */ = {
			isa = XCBuildConfiguration;
			buildSettings = {
				ALWAYS_SEARCH_USER_PATHS = NO;
				CLANG_ANALYZER_NONNULL = YES;
				CLANG_ANALYZER_NUMBER_OBJECT_CONVERSION = YES_AGGRESSIVE;
				CLANG_CXX_LANGUAGE_STANDARD = "gnu++17";
				CLANG_CXX_LIBRARY = "libc++";
				CLANG_ENABLE_MODULES = YES;
				CLANG_ENABLE_OBJC_ARC = YES;
				CLANG_ENABLE_OBJC_WEAK = YES;
				CLANG_WARN_BLOCK_CAPTURE_AUTORELEASING = YES;
				CLANG_WARN_BOOL_CONVERSION = YES;
				CLANG_WARN_COMMA = YES;
				CLANG_WARN_CONSTANT_CONVERSION = YES;
				CLANG_WARN_DEPRECATED_OBJC_IMPLEMENTATIONS = YES;
				CLANG_WARN_DIRECT_OBJC_ISA_USAGE = YES_ERROR;
				CLANG_WARN_DOCUMENTATION_COMMENTS = YES;
				CLANG_WARN_EMPTY_BODY = YES;
				CLANG_WARN_ENUM_CONVERSION = YES;
				CLANG_WARN_INFINITE_RECURSION = YES;
				CLANG_WARN_INT_CONVERSION = YES;
				CLANG_WARN_NON_LITERAL_NULL_CONVERSION = YES;
				CLANG_WARN_OBJC_IMPLICIT_RETAIN_SELF = YES;
				CLANG_WARN_OBJC_LITERAL_CONVERSION = YES;
				CLANG_WARN_OBJC_ROOT_CLASS = YES_ERROR;
				CLANG_WARN_QUOTED_INCLUDE_IN_FRAMEWORK_HEADER = YES;
				CLANG_WARN_RANGE_LOOP_ANALYSIS = YES;
				CLANG_WARN_STRICT_PROTOTYPES = YES;
				CLANG_WARN_SUSPICIOUS_MOVE = YES;
				CLANG_WARN_UNGUARDED_AVAILABILITY = YES_AGGRESSIVE;
				CLANG_WARN_UNREACHABLE_CODE = YES;
				CLANG_WARN__DUPLICATE_METHOD_MATCH = YES;
				COPY_PHASE_STRIP = NO;
				DEBUG_INFORMATION_FORMAT = "dwarf-with-dsym";
				ENABLE_NS_ASSERTIONS = NO;
				ENABLE_STRICT_OBJC_MSGSEND = YES;
				GCC_C_LANGUAGE_STANDARD = gnu11;
				GCC_NO_COMMON_BLOCKS = YES;
				GCC_WARN_64_TO_32_BIT_CONVERSION = YES;
				GCC_WARN_ABOUT_RETURN_TYPE = YES_ERROR;
				GCC_WARN_UNDECLARED_SELECTOR = YES;
				GCC_WARN_UNINITIALIZED_AUTOS = YES_AGGRESSIVE;
				GCC_WARN_UNUSED_FUNCTION = YES;
				GCC_WARN_UNUSED_VARIABLE = YES;
				IPHONEOS_DEPLOYMENT_TARGET = 15.2;
				MTL_ENABLE_DEBUG_INFO = NO;
				MTL_FAST_MATH = YES;
				SDKROOT = iphoneos;
				SWIFT_COMPILATION_MODE = wholemodule;
				SWIFT_OPTIMIZATION_LEVEL = "-O";
				VALIDATE_PRODUCT = YES;
			};
			name = Release;
		};
		5974D8632846396400EDE4E2 /* Debug */ = {
			isa = XCBuildConfiguration;
			buildSettings = {
				ASSETCATALOG_COMPILER_APPICON_NAME = AppIcon;
				ASSETCATALOG_COMPILER_GLOBAL_ACCENT_COLOR_NAME = AccentColor;
				CODE_SIGN_STYLE = Automatic;
				CURRENT_PROJECT_VERSION = 1;
				DEVELOPMENT_TEAM = 4XK5S24922;
				GENERATE_INFOPLIST_FILE = YES;
				INFOPLIST_FILE = Chat4You/SupportFiles/Info.plist;
				INFOPLIST_KEY_UIApplicationSupportsIndirectInputEvents = YES;
				INFOPLIST_KEY_UILaunchStoryboardName = LaunchScreen;
				INFOPLIST_KEY_UISupportedInterfaceOrientations = UIInterfaceOrientationPortrait;
				INFOPLIST_KEY_UISupportedInterfaceOrientations_iPad = "UIInterfaceOrientationPortrait UIInterfaceOrientationPortraitUpsideDown UIInterfaceOrientationLandscapeLeft UIInterfaceOrientationLandscapeRight";
				INFOPLIST_KEY_UISupportedInterfaceOrientations_iPhone = "UIInterfaceOrientationPortrait UIInterfaceOrientationLandscapeLeft UIInterfaceOrientationLandscapeRight";
				IPHONEOS_DEPLOYMENT_TARGET = 13.0;
				LD_RUNPATH_SEARCH_PATHS = (
					"$(inherited)",
					"@executable_path/Frameworks",
				);
				MARKETING_VERSION = 1.0;
				PRODUCT_BUNDLE_IDENTIFIER = "Alexey-Kulish.Chat4You";
				PRODUCT_NAME = "$(TARGET_NAME)";
				SWIFT_EMIT_LOC_STRINGS = YES;
				SWIFT_VERSION = 5.0;
				TARGETED_DEVICE_FAMILY = 1;
			};
			name = Debug;
		};
		5974D8642846396400EDE4E2 /* Release */ = {
			isa = XCBuildConfiguration;
			buildSettings = {
				ASSETCATALOG_COMPILER_APPICON_NAME = AppIcon;
				ASSETCATALOG_COMPILER_GLOBAL_ACCENT_COLOR_NAME = AccentColor;
				CODE_SIGN_STYLE = Automatic;
				CURRENT_PROJECT_VERSION = 1;
				DEVELOPMENT_TEAM = 4XK5S24922;
				GENERATE_INFOPLIST_FILE = YES;
				INFOPLIST_FILE = Chat4You/SupportFiles/Info.plist;
				INFOPLIST_KEY_UIApplicationSupportsIndirectInputEvents = YES;
				INFOPLIST_KEY_UILaunchStoryboardName = LaunchScreen;
				INFOPLIST_KEY_UISupportedInterfaceOrientations = UIInterfaceOrientationPortrait;
				INFOPLIST_KEY_UISupportedInterfaceOrientations_iPad = "UIInterfaceOrientationPortrait UIInterfaceOrientationPortraitUpsideDown UIInterfaceOrientationLandscapeLeft UIInterfaceOrientationLandscapeRight";
				INFOPLIST_KEY_UISupportedInterfaceOrientations_iPhone = "UIInterfaceOrientationPortrait UIInterfaceOrientationLandscapeLeft UIInterfaceOrientationLandscapeRight";
				IPHONEOS_DEPLOYMENT_TARGET = 13.0;
				LD_RUNPATH_SEARCH_PATHS = (
					"$(inherited)",
					"@executable_path/Frameworks",
				);
				MARKETING_VERSION = 1.0;
				PRODUCT_BUNDLE_IDENTIFIER = "Alexey-Kulish.Chat4You";
				PRODUCT_NAME = "$(TARGET_NAME)";
				SWIFT_EMIT_LOC_STRINGS = YES;
				SWIFT_VERSION = 5.0;
				TARGETED_DEVICE_FAMILY = 1;
			};
			name = Release;
		};
/* End XCBuildConfiguration section */

/* Begin XCConfigurationList section */
		5974D8492846396100EDE4E2 /* Build configuration list for PBXProject "Chat4You" */ = {
			isa = XCConfigurationList;
			buildConfigurations = (
				5974D8602846396400EDE4E2 /* Debug */,
				5974D8612846396400EDE4E2 /* Release */,
			);
			defaultConfigurationIsVisible = 0;
			defaultConfigurationName = Release;
		};
		5974D8622846396400EDE4E2 /* Build configuration list for PBXNativeTarget "Chat4You" */ = {
			isa = XCConfigurationList;
			buildConfigurations = (
				5974D8632846396400EDE4E2 /* Debug */,
				5974D8642846396400EDE4E2 /* Release */,
			);
			defaultConfigurationIsVisible = 0;
			defaultConfigurationName = Release;
		};
/* End XCConfigurationList section */
	};
	rootObject = 5974D8462846396100EDE4E2 /* Project object */;
}
