// !$*UTF8*$!
{
	archiveVersion = 1;
	classes = {
	};
	objectVersion = 55;
	objects = {

/* Begin PBXBuildFile section */
		593242812859E6C9005FC4BF /* MChat.swift in Sources */ = {isa = PBXBuildFile; fileRef = 593242802859E6C9005FC4BF /* MChat.swift */; };
		593242832859E6F2005FC4BF /* waitingChats.json in Resources */ = {isa = PBXBuildFile; fileRef = 593242822859E6F2005FC4BF /* waitingChats.json */; };
		593242852859E6FA005FC4BF /* activeChats.json in Resources */ = {isa = PBXBuildFile; fileRef = 593242842859E6FA005FC4BF /* activeChats.json */; };
		593242872859E73F005FC4BF /* Bundle + Extension.swift in Sources */ = {isa = PBXBuildFile; fileRef = 593242862859E73F005FC4BF /* Bundle + Extension.swift */; };
		5932428A2859FD89005FC4BF /* ActiveChatCell.swift in Sources */ = {isa = PBXBuildFile; fileRef = 593242892859FD89005FC4BF /* ActiveChatCell.swift */; };
		5932428C285B2F68005FC4BF /* GradientView.swift in Sources */ = {isa = PBXBuildFile; fileRef = 5932428B285B2F68005FC4BF /* GradientView.swift */; };
		5932428E285B63B5005FC4BF /* WaitingChatCell.swift in Sources */ = {isa = PBXBuildFile; fileRef = 5932428D285B63B5005FC4BF /* WaitingChatCell.swift */; };
		59324291285B677F005FC4BF /* ConfigureCellProtocol.swift in Sources */ = {isa = PBXBuildFile; fileRef = 59324290285B677F005FC4BF /* ConfigureCellProtocol.swift */; };
		59324294285B6A2F005FC4BF /* SectionHeader.swift in Sources */ = {isa = PBXBuildFile; fileRef = 59324293285B6A2F005FC4BF /* SectionHeader.swift */; };
		5974D8522846396100EDE4E2 /* AppDelegate.swift in Sources */ = {isa = PBXBuildFile; fileRef = 5974D8512846396100EDE4E2 /* AppDelegate.swift */; };
		5974D8542846396100EDE4E2 /* SceneDelegate.swift in Sources */ = {isa = PBXBuildFile; fileRef = 5974D8532846396100EDE4E2 /* SceneDelegate.swift */; };
		5974D8562846396100EDE4E2 /* AuthViewController.swift in Sources */ = {isa = PBXBuildFile; fileRef = 5974D8552846396100EDE4E2 /* AuthViewController.swift */; };
		5974D85B2846396400EDE4E2 /* Assets.xcassets in Resources */ = {isa = PBXBuildFile; fileRef = 5974D85A2846396400EDE4E2 /* Assets.xcassets */; };
		5974D85E2846396400EDE4E2 /* LaunchScreen.storyboard in Resources */ = {isa = PBXBuildFile; fileRef = 5974D85C2846396400EDE4E2 /* LaunchScreen.storyboard */; };
		5974D86628463AF200EDE4E2 /* .gitignore in Resources */ = {isa = PBXBuildFile; fileRef = 5974D86528463AF200EDE4E2 /* .gitignore */; };
		5974D86D28466F3700EDE4E2 /* UIButton + Extension.swift in Sources */ = {isa = PBXBuildFile; fileRef = 5974D86C28466F3700EDE4E2 /* UIButton + Extension.swift */; };
		5974D86F2846715F00EDE4E2 /* UIFont + Extension.swift in Sources */ = {isa = PBXBuildFile; fileRef = 5974D86E2846715F00EDE4E2 /* UIFont + Extension.swift */; };
		5974D8712846726600EDE4E2 /* UIColor + Extension.swift in Sources */ = {isa = PBXBuildFile; fileRef = 5974D8702846726600EDE4E2 /* UIColor + Extension.swift */; };
		5974D87328467B0700EDE4E2 /* UILabel + Extension.swift in Sources */ = {isa = PBXBuildFile; fileRef = 5974D87228467B0700EDE4E2 /* UILabel + Extension.swift */; };
		5974D87528467BF100EDE4E2 /* UIImageView + Extension.swift in Sources */ = {isa = PBXBuildFile; fileRef = 5974D87428467BF100EDE4E2 /* UIImageView + Extension.swift */; };
		5974D87828477FEE00EDE4E2 /* ButtonFormView.swift in Sources */ = {isa = PBXBuildFile; fileRef = 5974D87728477FEE00EDE4E2 /* ButtonFormView.swift */; };
		599C9C722848B3A3000F577F /* LoginViewController.swift in Sources */ = {isa = PBXBuildFile; fileRef = 599C9C712848B3A3000F577F /* LoginViewController.swift */; };
		599C9C742848C785000F577F /* SetupProfileViewController.swift in Sources */ = {isa = PBXBuildFile; fileRef = 599C9C732848C785000F577F /* SetupProfileViewController.swift */; };
		599C9C762848CA91000F577F /* AddPhotoView.swift in Sources */ = {isa = PBXBuildFile; fileRef = 599C9C752848CA91000F577F /* AddPhotoView.swift */; };
		599C9C782848EBC4000F577F /* SegmentedControl + Extension.swift in Sources */ = {isa = PBXBuildFile; fileRef = 599C9C772848EBC4000F577F /* SegmentedControl + Extension.swift */; };
		599C9C7A2848F620000F577F /* ListViewController.swift in Sources */ = {isa = PBXBuildFile; fileRef = 599C9C792848F620000F577F /* ListViewController.swift */; };
		599C9C7D2848F994000F577F /* MainTabBarController.swift in Sources */ = {isa = PBXBuildFile; fileRef = 599C9C7C2848F994000F577F /* MainTabBarController.swift */; };
		599C9C7F2848FA52000F577F /* PeopleViewController.swift in Sources */ = {isa = PBXBuildFile; fileRef = 599C9C7E2848FA52000F577F /* PeopleViewController.swift */; };
		59C500272860B7D50051F3A9 /* users.json in Resources */ = {isa = PBXBuildFile; fileRef = 59C500262860B7D50051F3A9 /* users.json */; };
		59C500292860B8670051F3A9 /* MUser.swift in Sources */ = {isa = PBXBuildFile; fileRef = 59C500282860B8670051F3A9 /* MUser.swift */; };
		59C5002B2860C98F0051F3A9 /* UserCell.swift in Sources */ = {isa = PBXBuildFile; fileRef = 59C5002A2860C98F0051F3A9 /* UserCell.swift */; };
		59C5002D2860CB4B0051F3A9 /* UIViewController + Extension.swift in Sources */ = {isa = PBXBuildFile; fileRef = 59C5002C2860CB4B0051F3A9 /* UIViewController + Extension.swift */; };
		59C5002F28630EEF0051F3A9 /* ProfileViewController.swift in Sources */ = {isa = PBXBuildFile; fileRef = 59C5002E28630EEF0051F3A9 /* ProfileViewController.swift */; };
		59D804F728479230006B75A2 /* UIStackView + Extension.swift in Sources */ = {isa = PBXBuildFile; fileRef = 59D804F628479230006B75A2 /* UIStackView + Extension.swift */; };
		59D804F928479D27006B75A2 /* SignUpViewController.swift in Sources */ = {isa = PBXBuildFile; fileRef = 59D804F828479D26006B75A2 /* SignUpViewController.swift */; };
		59D804FB2847A0CB006B75A2 /* OneLineTextField.swift in Sources */ = {isa = PBXBuildFile; fileRef = 59D804FA2847A0CB006B75A2 /* OneLineTextField.swift */; };
/* End PBXBuildFile section */

/* Begin PBXFileReference section */
		593242802859E6C9005FC4BF /* MChat.swift */ = {isa = PBXFileReference; lastKnownFileType = sourcecode.swift; path = MChat.swift; sourceTree = "<group>"; };
		593242822859E6F2005FC4BF /* waitingChats.json */ = {isa = PBXFileReference; fileEncoding = 4; lastKnownFileType = text.json; path = waitingChats.json; sourceTree = "<group>"; };
		593242842859E6FA005FC4BF /* activeChats.json */ = {isa = PBXFileReference; fileEncoding = 4; lastKnownFileType = text.json; path = activeChats.json; sourceTree = "<group>"; };
		593242862859E73F005FC4BF /* Bundle + Extension.swift */ = {isa = PBXFileReference; lastKnownFileType = sourcecode.swift; path = "Bundle + Extension.swift"; sourceTree = "<group>"; };
		593242892859FD89005FC4BF /* ActiveChatCell.swift */ = {isa = PBXFileReference; lastKnownFileType = sourcecode.swift; path = ActiveChatCell.swift; sourceTree = "<group>"; };
		5932428B285B2F68005FC4BF /* GradientView.swift */ = {isa = PBXFileReference; lastKnownFileType = sourcecode.swift; path = GradientView.swift; sourceTree = "<group>"; };
		5932428D285B63B5005FC4BF /* WaitingChatCell.swift */ = {isa = PBXFileReference; lastKnownFileType = sourcecode.swift; path = WaitingChatCell.swift; sourceTree = "<group>"; };
		59324290285B677F005FC4BF /* ConfigureCellProtocol.swift */ = {isa = PBXFileReference; lastKnownFileType = sourcecode.swift; path = ConfigureCellProtocol.swift; sourceTree = "<group>"; };
		59324293285B6A2F005FC4BF /* SectionHeader.swift */ = {isa = PBXFileReference; lastKnownFileType = sourcecode.swift; path = SectionHeader.swift; sourceTree = "<group>"; };
		5974D84E2846396100EDE4E2 /* Chat4You.app */ = {isa = PBXFileReference; explicitFileType = wrapper.application; includeInIndex = 0; path = Chat4You.app; sourceTree = BUILT_PRODUCTS_DIR; };
		5974D8512846396100EDE4E2 /* AppDelegate.swift */ = {isa = PBXFileReference; lastKnownFileType = sourcecode.swift; path = AppDelegate.swift; sourceTree = "<group>"; };
		5974D8532846396100EDE4E2 /* SceneDelegate.swift */ = {isa = PBXFileReference; lastKnownFileType = sourcecode.swift; path = SceneDelegate.swift; sourceTree = "<group>"; };
		5974D8552846396100EDE4E2 /* AuthViewController.swift */ = {isa = PBXFileReference; lastKnownFileType = sourcecode.swift; path = AuthViewController.swift; sourceTree = "<group>"; };
		5974D85A2846396400EDE4E2 /* Assets.xcassets */ = {isa = PBXFileReference; lastKnownFileType = folder.assetcatalog; path = Assets.xcassets; sourceTree = "<group>"; };
		5974D85D2846396400EDE4E2 /* Base */ = {isa = PBXFileReference; lastKnownFileType = file.storyboard; name = Base; path = Base.lproj/LaunchScreen.storyboard; sourceTree = "<group>"; };
		5974D85F2846396400EDE4E2 /* Info.plist */ = {isa = PBXFileReference; lastKnownFileType = text.plist.xml; path = Info.plist; sourceTree = "<group>"; };
		5974D86528463AF200EDE4E2 /* .gitignore */ = {isa = PBXFileReference; fileEncoding = 4; lastKnownFileType = text; name = .gitignore; path = Chat4You/SupportFiles/.gitignore; sourceTree = SOURCE_ROOT; };
		5974D86C28466F3700EDE4E2 /* UIButton + Extension.swift */ = {isa = PBXFileReference; lastKnownFileType = sourcecode.swift; path = "UIButton + Extension.swift"; sourceTree = "<group>"; };
		5974D86E2846715F00EDE4E2 /* UIFont + Extension.swift */ = {isa = PBXFileReference; lastKnownFileType = sourcecode.swift; path = "UIFont + Extension.swift"; sourceTree = "<group>"; };
		5974D8702846726600EDE4E2 /* UIColor + Extension.swift */ = {isa = PBXFileReference; lastKnownFileType = sourcecode.swift; path = "UIColor + Extension.swift"; sourceTree = "<group>"; };
		5974D87228467B0700EDE4E2 /* UILabel + Extension.swift */ = {isa = PBXFileReference; lastKnownFileType = sourcecode.swift; path = "UILabel + Extension.swift"; sourceTree = "<group>"; };
		5974D87428467BF100EDE4E2 /* UIImageView + Extension.swift */ = {isa = PBXFileReference; lastKnownFileType = sourcecode.swift; path = "UIImageView + Extension.swift"; sourceTree = "<group>"; };
		5974D87728477FEE00EDE4E2 /* ButtonFormView.swift */ = {isa = PBXFileReference; lastKnownFileType = sourcecode.swift; path = ButtonFormView.swift; sourceTree = "<group>"; };
		599C9C712848B3A3000F577F /* LoginViewController.swift */ = {isa = PBXFileReference; lastKnownFileType = sourcecode.swift; path = LoginViewController.swift; sourceTree = "<group>"; };
		599C9C732848C785000F577F /* SetupProfileViewController.swift */ = {isa = PBXFileReference; lastKnownFileType = sourcecode.swift; path = SetupProfileViewController.swift; sourceTree = "<group>"; };
		599C9C752848CA91000F577F /* AddPhotoView.swift */ = {isa = PBXFileReference; lastKnownFileType = sourcecode.swift; path = AddPhotoView.swift; sourceTree = "<group>"; };
		599C9C772848EBC4000F577F /* SegmentedControl + Extension.swift */ = {isa = PBXFileReference; lastKnownFileType = sourcecode.swift; path = "SegmentedControl + Extension.swift"; sourceTree = "<group>"; };
		599C9C792848F620000F577F /* ListViewController.swift */ = {isa = PBXFileReference; lastKnownFileType = sourcecode.swift; path = ListViewController.swift; sourceTree = "<group>"; };
		599C9C7C2848F994000F577F /* MainTabBarController.swift */ = {isa = PBXFileReference; lastKnownFileType = sourcecode.swift; path = MainTabBarController.swift; sourceTree = "<group>"; };
		599C9C7E2848FA52000F577F /* PeopleViewController.swift */ = {isa = PBXFileReference; lastKnownFileType = sourcecode.swift; path = PeopleViewController.swift; sourceTree = "<group>"; };
		59C500262860B7D50051F3A9 /* users.json */ = {isa = PBXFileReference; fileEncoding = 4; lastKnownFileType = text.json; path = users.json; sourceTree = "<group>"; };
		59C500282860B8670051F3A9 /* MUser.swift */ = {isa = PBXFileReference; lastKnownFileType = sourcecode.swift; path = MUser.swift; sourceTree = "<group>"; };
		59C5002A2860C98F0051F3A9 /* UserCell.swift */ = {isa = PBXFileReference; lastKnownFileType = sourcecode.swift; path = UserCell.swift; sourceTree = "<group>"; };
		59C5002C2860CB4B0051F3A9 /* UIViewController + Extension.swift */ = {isa = PBXFileReference; lastKnownFileType = sourcecode.swift; path = "UIViewController + Extension.swift"; sourceTree = "<group>"; };
		59C5002E28630EEF0051F3A9 /* ProfileViewController.swift */ = {isa = PBXFileReference; lastKnownFileType = sourcecode.swift; path = ProfileViewController.swift; sourceTree = "<group>"; };
		59D804F628479230006B75A2 /* UIStackView + Extension.swift */ = {isa = PBXFileReference; lastKnownFileType = sourcecode.swift; path = "UIStackView + Extension.swift"; sourceTree = "<group>"; };
		59D804F828479D26006B75A2 /* SignUpViewController.swift */ = {isa = PBXFileReference; lastKnownFileType = sourcecode.swift; path = SignUpViewController.swift; sourceTree = "<group>"; };
		59D804FA2847A0CB006B75A2 /* OneLineTextField.swift */ = {isa = PBXFileReference; lastKnownFileType = sourcecode.swift; path = OneLineTextField.swift; sourceTree = "<group>"; };
/* End PBXFileReference section */

/* Begin PBXFrameworksBuildPhase section */
		5974D84B2846396100EDE4E2 /* Frameworks */ = {
			isa = PBXFrameworksBuildPhase;
			buildActionMask = 2147483647;
			files = (
			);
			runOnlyForDeploymentPostprocessing = 0;
		};
/* End PBXFrameworksBuildPhase section */

/* Begin PBXGroup section */
		5932427F2859E6AA005FC4BF /* Model */ = {
			isa = PBXGroup;
			children = (
				593242802859E6C9005FC4BF /* MChat.swift */,
				59C500282860B8670051F3A9 /* MUser.swift */,
				593242822859E6F2005FC4BF /* waitingChats.json */,
				593242842859E6FA005FC4BF /* activeChats.json */,
				59C500262860B7D50051F3A9 /* users.json */,
			);
			path = Model;
			sourceTree = "<group>";
		};
		593242882859FD79005FC4BF /* Cell */ = {
			isa = PBXGroup;
			children = (
				593242892859FD89005FC4BF /* ActiveChatCell.swift */,
				5932428D285B63B5005FC4BF /* WaitingChatCell.swift */,
				59C5002A2860C98F0051F3A9 /* UserCell.swift */,
			);
			path = Cell;
			sourceTree = "<group>";
		};
		5932428F285B6762005FC4BF /* Protocols */ = {
			isa = PBXGroup;
			children = (
				59324290285B677F005FC4BF /* ConfigureCellProtocol.swift */,
			);
			path = Protocols;
			sourceTree = "<group>";
		};
		59324292285B67D6005FC4BF /* CustomViews */ = {
			isa = PBXGroup;
			children = (
				5974D87728477FEE00EDE4E2 /* ButtonFormView.swift */,
				59D804FA2847A0CB006B75A2 /* OneLineTextField.swift */,
				599C9C752848CA91000F577F /* AddPhotoView.swift */,
				5932428B285B2F68005FC4BF /* GradientView.swift */,
				59324293285B6A2F005FC4BF /* SectionHeader.swift */,
			);
			path = CustomViews;
			sourceTree = "<group>";
		};
		5974D8452846396100EDE4E2 = {
			isa = PBXGroup;
			children = (
				5974D8502846396100EDE4E2 /* Chat4You */,
				5974D84F2846396100EDE4E2 /* Products */,
			);
			sourceTree = "<group>";
		};
		5974D84F2846396100EDE4E2 /* Products */ = {
			isa = PBXGroup;
			children = (
				5974D84E2846396100EDE4E2 /* Chat4You.app */,
			);
			name = Products;
			sourceTree = "<group>";
		};
		5974D8502846396100EDE4E2 /* Chat4You */ = {
			isa = PBXGroup;
			children = (
				5974D86828466E9200EDE4E2 /* ViewControllers */,
				5974D87628477FDC00EDE4E2 /* Views */,
				5932428F285B6762005FC4BF /* Protocols */,
				5932427F2859E6AA005FC4BF /* Model */,
				5974D86B28466EBC00EDE4E2 /* Extensions */,
				5974D86728466E7A00EDE4E2 /* SupportFiles */,
				5974D86928466EA200EDE4E2 /* Resources */,
				5974D86A28466EAC00EDE4E2 /* Storyboards */,
			);
			path = Chat4You;
			sourceTree = "<group>";
		};
		5974D86728466E7A00EDE4E2 /* SupportFiles */ = {
			isa = PBXGroup;
			children = (
				5974D8512846396100EDE4E2 /* AppDelegate.swift */,
				5974D8532846396100EDE4E2 /* SceneDelegate.swift */,
				5974D85F2846396400EDE4E2 /* Info.plist */,
				5974D86528463AF200EDE4E2 /* .gitignore */,
			);
			path = SupportFiles;
			sourceTree = "<group>";
		};
		5974D86828466E9200EDE4E2 /* ViewControllers */ = {
			isa = PBXGroup;
			children = (
				599C9C7B2848F8B4000F577F /* SignIn&Auth */,
				599C9C7C2848F994000F577F /* MainTabBarController.swift */,
				599C9C792848F620000F577F /* ListViewController.swift */,
				599C9C7E2848FA52000F577F /* PeopleViewController.swift */,
				59C5002E28630EEF0051F3A9 /* ProfileViewController.swift */,
			);
			path = ViewControllers;
			sourceTree = "<group>";
		};
		5974D86928466EA200EDE4E2 /* Resources */ = {
			isa = PBXGroup;
			children = (
				5974D85A2846396400EDE4E2 /* Assets.xcassets */,
			);
			path = Resources;
			sourceTree = "<group>";
		};
		5974D86A28466EAC00EDE4E2 /* Storyboards */ = {
			isa = PBXGroup;
			children = (
				5974D85C2846396400EDE4E2 /* LaunchScreen.storyboard */,
			);
			path = Storyboards;
			sourceTree = "<group>";
		};
		5974D86B28466EBC00EDE4E2 /* Extensions */ = {
			isa = PBXGroup;
			children = (
				5974D86C28466F3700EDE4E2 /* UIButton + Extension.swift */,
				5974D86E2846715F00EDE4E2 /* UIFont + Extension.swift */,
				5974D8702846726600EDE4E2 /* UIColor + Extension.swift */,
				5974D87228467B0700EDE4E2 /* UILabel + Extension.swift */,
				5974D87428467BF100EDE4E2 /* UIImageView + Extension.swift */,
				59D804F628479230006B75A2 /* UIStackView + Extension.swift */,
				599C9C772848EBC4000F577F /* SegmentedControl + Extension.swift */,
				593242862859E73F005FC4BF /* Bundle + Extension.swift */,
				59C5002C2860CB4B0051F3A9 /* UIViewController + Extension.swift */,
			);
			path = Extensions;
			sourceTree = "<group>";
		};
		5974D87628477FDC00EDE4E2 /* Views */ = {
			isa = PBXGroup;
			children = (
				59324292285B67D6005FC4BF /* CustomViews */,
				593242882859FD79005FC4BF /* Cell */,
			);
			path = Views;
			sourceTree = "<group>";
		};
		599C9C7B2848F8B4000F577F /* SignIn&Auth */ = {
			isa = PBXGroup;
			children = (
				5974D8552846396100EDE4E2 /* AuthViewController.swift */,
				59D804F828479D26006B75A2 /* SignUpViewController.swift */,
				599C9C712848B3A3000F577F /* LoginViewController.swift */,
				599C9C732848C785000F577F /* SetupProfileViewController.swift */,
			);
			path = "SignIn&Auth";
			sourceTree = "<group>";
		};
/* End PBXGroup section */

/* Begin PBXNativeTarget section */
		5974D84D2846396100EDE4E2 /* Chat4You */ = {
			isa = PBXNativeTarget;
			buildConfigurationList = 5974D8622846396400EDE4E2 /* Build configuration list for PBXNativeTarget "Chat4You" */;
			buildPhases = (
				5974D84A2846396100EDE4E2 /* Sources */,
				5974D84B2846396100EDE4E2 /* Frameworks */,
				5974D84C2846396100EDE4E2 /* Resources */,
			);
			buildRules = (
			);
			dependencies = (
			);
			name = Chat4You;
			productName = Chat4You;
			productReference = 5974D84E2846396100EDE4E2 /* Chat4You.app */;
			productType = "com.apple.product-type.application";
		};
/* End PBXNativeTarget section */

/* Begin PBXProject section */
		5974D8462846396100EDE4E2 /* Project object */ = {
			isa = PBXProject;
			attributes = {
				BuildIndependentTargetsInParallel = 1;
				LastSwiftUpdateCheck = 1320;
				LastUpgradeCheck = 1320;
				TargetAttributes = {
					5974D84D2846396100EDE4E2 = {
						CreatedOnToolsVersion = 13.2.1;
					};
				};
			};
			buildConfigurationList = 5974D8492846396100EDE4E2 /* Build configuration list for PBXProject "Chat4You" */;
			compatibilityVersion = "Xcode 13.0";
			developmentRegion = en;
			hasScannedForEncodings = 0;
			knownRegions = (
				en,
				Base,
			);
			mainGroup = 5974D8452846396100EDE4E2;
			productRefGroup = 5974D84F2846396100EDE4E2 /* Products */;
			projectDirPath = "";
			projectRoot = "";
			targets = (
				5974D84D2846396100EDE4E2 /* Chat4You */,
			);
		};
/* End PBXProject section */

/* Begin PBXResourcesBuildPhase section */
		5974D84C2846396100EDE4E2 /* Resources */ = {
			isa = PBXResourcesBuildPhase;
			buildActionMask = 2147483647;
			files = (
				59C500272860B7D50051F3A9 /* users.json in Resources */,
				593242852859E6FA005FC4BF /* activeChats.json in Resources */,
				5974D86628463AF200EDE4E2 /* .gitignore in Resources */,
				5974D85E2846396400EDE4E2 /* LaunchScreen.storyboard in Resources */,
				5974D85B2846396400EDE4E2 /* Assets.xcassets in Resources */,
				593242832859E6F2005FC4BF /* waitingChats.json in Resources */,
			);
			runOnlyForDeploymentPostprocessing = 0;
		};
/* End PBXResourcesBuildPhase section */

/* Begin PBXSourcesBuildPhase section */
		5974D84A2846396100EDE4E2 /* Sources */ = {
			isa = PBXSourcesBuildPhase;
			buildActionMask = 2147483647;
			files = (
				599C9C7A2848F620000F577F /* ListViewController.swift in Sources */,
				5932428C285B2F68005FC4BF /* GradientView.swift in Sources */,
				59D804FB2847A0CB006B75A2 /* OneLineTextField.swift in Sources */,
				59324291285B677F005FC4BF /* ConfigureCellProtocol.swift in Sources */,
				599C9C7D2848F994000F577F /* MainTabBarController.swift in Sources */,
				59D804F928479D27006B75A2 /* SignUpViewController.swift in Sources */,
				5974D86F2846715F00EDE4E2 /* UIFont + Extension.swift in Sources */,
				599C9C7F2848FA52000F577F /* PeopleViewController.swift in Sources */,
				593242872859E73F005FC4BF /* Bundle + Extension.swift in Sources */,
				5974D8562846396100EDE4E2 /* AuthViewController.swift in Sources */,
				599C9C742848C785000F577F /* SetupProfileViewController.swift in Sources */,
				5974D8522846396100EDE4E2 /* AppDelegate.swift in Sources */,
				59C5002F28630EEF0051F3A9 /* ProfileViewController.swift in Sources */,
				59324294285B6A2F005FC4BF /* SectionHeader.swift in Sources */,
				59C500292860B8670051F3A9 /* MUser.swift in Sources */,
				59D804F728479230006B75A2 /* UIStackView + Extension.swift in Sources */,
				599C9C762848CA91000F577F /* AddPhotoView.swift in Sources */,
				593242812859E6C9005FC4BF /* MChat.swift in Sources */,
				5974D87828477FEE00EDE4E2 /* ButtonFormView.swift in Sources */,
				5974D87328467B0700EDE4E2 /* UILabel + Extension.swift in Sources */,
				599C9C782848EBC4000F577F /* SegmentedControl + Extension.swift in Sources */,
				59C5002B2860C98F0051F3A9 /* UserCell.swift in Sources */,
				59C5002D2860CB4B0051F3A9 /* UIViewController + Extension.swift in Sources */,
				5974D87528467BF100EDE4E2 /* UIImageView + Extension.swift in Sources */,
				5974D8712846726600EDE4E2 /* UIColor + Extension.swift in Sources */,
				5932428E285B63B5005FC4BF /* WaitingChatCell.swift in Sources */,
				5974D8542846396100EDE4E2 /* SceneDelegate.swift in Sources */,
				5932428A2859FD89005FC4BF /* ActiveChatCell.swift in Sources */,
				599C9C722848B3A3000F577F /* LoginViewController.swift in Sources */,
				5974D86D28466F3700EDE4E2 /* UIButton + Extension.swift in Sources */,
			);
			runOnlyForDeploymentPostprocessing = 0;
		};
/* End PBXSourcesBuildPhase section */

/* Begin PBXVariantGroup section */
		5974D85C2846396400EDE4E2 /* LaunchScreen.storyboard */ = {
			isa = PBXVariantGroup;
			children = (
				5974D85D2846396400EDE4E2 /* Base */,
			);
			name = LaunchScreen.storyboard;
			sourceTree = "<group>";
		};
/* End PBXVariantGroup section */

/* Begin XCBuildConfiguration section */
		5974D8602846396400EDE4E2 /* Debug */ = {
			isa = XCBuildConfiguration;
			buildSettings = {
				ALWAYS_SEARCH_USER_PATHS = NO;
				CLANG_ANALYZER_NONNULL = YES;
				CLANG_ANALYZER_NUMBER_OBJECT_CONVERSION = YES_AGGRESSIVE;
				CLANG_CXX_LANGUAGE_STANDARD = "gnu++17";
				CLANG_CXX_LIBRARY = "libc++";
				CLANG_ENABLE_MODULES = YES;
				CLANG_ENABLE_OBJC_ARC = YES;
				CLANG_ENABLE_OBJC_WEAK = YES;
				CLANG_WARN_BLOCK_CAPTURE_AUTORELEASING = YES;
				CLANG_WARN_BOOL_CONVERSION = YES;
				CLANG_WARN_COMMA = YES;
				CLANG_WARN_CONSTANT_CONVERSION = YES;
				CLANG_WARN_DEPRECATED_OBJC_IMPLEMENTATIONS = YES;
				CLANG_WARN_DIRECT_OBJC_ISA_USAGE = YES_ERROR;
				CLANG_WARN_DOCUMENTATION_COMMENTS = YES;
				CLANG_WARN_EMPTY_BODY = YES;
				CLANG_WARN_ENUM_CONVERSION = YES;
				CLANG_WARN_INFINITE_RECURSION = YES;
				CLANG_WARN_INT_CONVERSION = YES;
				CLANG_WARN_NON_LITERAL_NULL_CONVERSION = YES;
				CLANG_WARN_OBJC_IMPLICIT_RETAIN_SELF = YES;
				CLANG_WARN_OBJC_LITERAL_CONVERSION = YES;
				CLANG_WARN_OBJC_ROOT_CLASS = YES_ERROR;
				CLANG_WARN_QUOTED_INCLUDE_IN_FRAMEWORK_HEADER = YES;
				CLANG_WARN_RANGE_LOOP_ANALYSIS = YES;
				CLANG_WARN_STRICT_PROTOTYPES = YES;
				CLANG_WARN_SUSPICIOUS_MOVE = YES;
				CLANG_WARN_UNGUARDED_AVAILABILITY = YES_AGGRESSIVE;
				CLANG_WARN_UNREACHABLE_CODE = YES;
				CLANG_WARN__DUPLICATE_METHOD_MATCH = YES;
				COPY_PHASE_STRIP = NO;
				DEBUG_INFORMATION_FORMAT = dwarf;
				ENABLE_STRICT_OBJC_MSGSEND = YES;
				ENABLE_TESTABILITY = YES;
				GCC_C_LANGUAGE_STANDARD = gnu11;
				GCC_DYNAMIC_NO_PIC = NO;
				GCC_NO_COMMON_BLOCKS = YES;
				GCC_OPTIMIZATION_LEVEL = 0;
				GCC_PREPROCESSOR_DEFINITIONS = (
					"DEBUG=1",
					"$(inherited)",
				);
				GCC_WARN_64_TO_32_BIT_CONVERSION = YES;
				GCC_WARN_ABOUT_RETURN_TYPE = YES_ERROR;
				GCC_WARN_UNDECLARED_SELECTOR = YES;
				GCC_WARN_UNINITIALIZED_AUTOS = YES_AGGRESSIVE;
				GCC_WARN_UNUSED_FUNCTION = YES;
				GCC_WARN_UNUSED_VARIABLE = YES;
				IPHONEOS_DEPLOYMENT_TARGET = 15.2;
				MTL_ENABLE_DEBUG_INFO = INCLUDE_SOURCE;
				MTL_FAST_MATH = YES;
				ONLY_ACTIVE_ARCH = YES;
				SDKROOT = iphoneos;
				SWIFT_ACTIVE_COMPILATION_CONDITIONS = DEBUG;
				SWIFT_OPTIMIZATION_LEVEL = "-Onone";
			};
			name = Debug;
		};
		5974D8612846396400EDE4E2 /* Release */ = {
			isa = XCBuildConfiguration;
			buildSettings = {
				ALWAYS_SEARCH_USER_PATHS = NO;
				CLANG_ANALYZER_NONNULL = YES;
				CLANG_ANALYZER_NUMBER_OBJECT_CONVERSION = YES_AGGRESSIVE;
				CLANG_CXX_LANGUAGE_STANDARD = "gnu++17";
				CLANG_CXX_LIBRARY = "libc++";
				CLANG_ENABLE_MODULES = YES;
				CLANG_ENABLE_OBJC_ARC = YES;
				CLANG_ENABLE_OBJC_WEAK = YES;
				CLANG_WARN_BLOCK_CAPTURE_AUTORELEASING = YES;
				CLANG_WARN_BOOL_CONVERSION = YES;
				CLANG_WARN_COMMA = YES;
				CLANG_WARN_CONSTANT_CONVERSION = YES;
				CLANG_WARN_DEPRECATED_OBJC_IMPLEMENTATIONS = YES;
				CLANG_WARN_DIRECT_OBJC_ISA_USAGE = YES_ERROR;
				CLANG_WARN_DOCUMENTATION_COMMENTS = YES;
				CLANG_WARN_EMPTY_BODY = YES;
				CLANG_WARN_ENUM_CONVERSION = YES;
				CLANG_WARN_INFINITE_RECURSION = YES;
				CLANG_WARN_INT_CONVERSION = YES;
				CLANG_WARN_NON_LITERAL_NULL_CONVERSION = YES;
				CLANG_WARN_OBJC_IMPLICIT_RETAIN_SELF = YES;
				CLANG_WARN_OBJC_LITERAL_CONVERSION = YES;
				CLANG_WARN_OBJC_ROOT_CLASS = YES_ERROR;
				CLANG_WARN_QUOTED_INCLUDE_IN_FRAMEWORK_HEADER = YES;
				CLANG_WARN_RANGE_LOOP_ANALYSIS = YES;
				CLANG_WARN_STRICT_PROTOTYPES = YES;
				CLANG_WARN_SUSPICIOUS_MOVE = YES;
				CLANG_WARN_UNGUARDED_AVAILABILITY = YES_AGGRESSIVE;
				CLANG_WARN_UNREACHABLE_CODE = YES;
				CLANG_WARN__DUPLICATE_METHOD_MATCH = YES;
				COPY_PHASE_STRIP = NO;
				DEBUG_INFORMATION_FORMAT = "dwarf-with-dsym";
				ENABLE_NS_ASSERTIONS = NO;
				ENABLE_STRICT_OBJC_MSGSEND = YES;
				GCC_C_LANGUAGE_STANDARD = gnu11;
				GCC_NO_COMMON_BLOCKS = YES;
				GCC_WARN_64_TO_32_BIT_CONVERSION = YES;
				GCC_WARN_ABOUT_RETURN_TYPE = YES_ERROR;
				GCC_WARN_UNDECLARED_SELECTOR = YES;
				GCC_WARN_UNINITIALIZED_AUTOS = YES_AGGRESSIVE;
				GCC_WARN_UNUSED_FUNCTION = YES;
				GCC_WARN_UNUSED_VARIABLE = YES;
				IPHONEOS_DEPLOYMENT_TARGET = 15.2;
				MTL_ENABLE_DEBUG_INFO = NO;
				MTL_FAST_MATH = YES;
				SDKROOT = iphoneos;
				SWIFT_COMPILATION_MODE = wholemodule;
				SWIFT_OPTIMIZATION_LEVEL = "-O";
				VALIDATE_PRODUCT = YES;
			};
			name = Release;
		};
		5974D8632846396400EDE4E2 /* Debug */ = {
			isa = XCBuildConfiguration;
			buildSettings = {
				ASSETCATALOG_COMPILER_APPICON_NAME = AppIcon;
				ASSETCATALOG_COMPILER_GLOBAL_ACCENT_COLOR_NAME = AccentColor;
				CODE_SIGN_STYLE = Automatic;
				CURRENT_PROJECT_VERSION = 1;
				DEVELOPMENT_TEAM = 4XK5S24922;
				GENERATE_INFOPLIST_FILE = YES;
				INFOPLIST_FILE = Chat4You/SupportFiles/Info.plist;
				INFOPLIST_KEY_UIApplicationSupportsIndirectInputEvents = YES;
				INFOPLIST_KEY_UILaunchStoryboardName = LaunchScreen;
				INFOPLIST_KEY_UISupportedInterfaceOrientations = UIInterfaceOrientationPortrait;
				INFOPLIST_KEY_UISupportedInterfaceOrientations_iPad = "UIInterfaceOrientationPortrait UIInterfaceOrientationPortraitUpsideDown UIInterfaceOrientationLandscapeLeft UIInterfaceOrientationLandscapeRight";
				INFOPLIST_KEY_UISupportedInterfaceOrientations_iPhone = "UIInterfaceOrientationPortrait UIInterfaceOrientationLandscapeLeft UIInterfaceOrientationLandscapeRight";
				IPHONEOS_DEPLOYMENT_TARGET = 13.0;
				LD_RUNPATH_SEARCH_PATHS = (
					"$(inherited)",
					"@executable_path/Frameworks",
				);
				MARKETING_VERSION = 1.0;
				PRODUCT_BUNDLE_IDENTIFIER = "Alexey-Kulish.Chat4You";
				PRODUCT_NAME = "$(TARGET_NAME)";
				SWIFT_EMIT_LOC_STRINGS = YES;
				SWIFT_VERSION = 5.0;
				TARGETED_DEVICE_FAMILY = 1;
			};
			name = Debug;
		};
		5974D8642846396400EDE4E2 /* Release */ = {
			isa = XCBuildConfiguration;
			buildSettings = {
				ASSETCATALOG_COMPILER_APPICON_NAME = AppIcon;
				ASSETCATALOG_COMPILER_GLOBAL_ACCENT_COLOR_NAME = AccentColor;
				CODE_SIGN_STYLE = Automatic;
				CURRENT_PROJECT_VERSION = 1;
				DEVELOPMENT_TEAM = 4XK5S24922;
				GENERATE_INFOPLIST_FILE = YES;
				INFOPLIST_FILE = Chat4You/SupportFiles/Info.plist;
				INFOPLIST_KEY_UIApplicationSupportsIndirectInputEvents = YES;
				INFOPLIST_KEY_UILaunchStoryboardName = LaunchScreen;
				INFOPLIST_KEY_UISupportedInterfaceOrientations = UIInterfaceOrientationPortrait;
				INFOPLIST_KEY_UISupportedInterfaceOrientations_iPad = "UIInterfaceOrientationPortrait UIInterfaceOrientationPortraitUpsideDown UIInterfaceOrientationLandscapeLeft UIInterfaceOrientationLandscapeRight";
				INFOPLIST_KEY_UISupportedInterfaceOrientations_iPhone = "UIInterfaceOrientationPortrait UIInterfaceOrientationLandscapeLeft UIInterfaceOrientationLandscapeRight";
				IPHONEOS_DEPLOYMENT_TARGET = 13.0;
				LD_RUNPATH_SEARCH_PATHS = (
					"$(inherited)",
					"@executable_path/Frameworks",
				);
				MARKETING_VERSION = 1.0;
				PRODUCT_BUNDLE_IDENTIFIER = "Alexey-Kulish.Chat4You";
				PRODUCT_NAME = "$(TARGET_NAME)";
				SWIFT_EMIT_LOC_STRINGS = YES;
				SWIFT_VERSION = 5.0;
				TARGETED_DEVICE_FAMILY = 1;
			};
			name = Release;
		};
/* End XCBuildConfiguration section */

/* Begin XCConfigurationList section */
		5974D8492846396100EDE4E2 /* Build configuration list for PBXProject "Chat4You" */ = {
			isa = XCConfigurationList;
			buildConfigurations = (
				5974D8602846396400EDE4E2 /* Debug */,
				5974D8612846396400EDE4E2 /* Release */,
			);
			defaultConfigurationIsVisible = 0;
			defaultConfigurationName = Release;
		};
		5974D8622846396400EDE4E2 /* Build configuration list for PBXNativeTarget "Chat4You" */ = {
			isa = XCConfigurationList;
			buildConfigurations = (
				5974D8632846396400EDE4E2 /* Debug */,
				5974D8642846396400EDE4E2 /* Release */,
			);
			defaultConfigurationIsVisible = 0;
			defaultConfigurationName = Release;
		};
/* End XCConfigurationList section */
	};
	rootObject = 5974D8462846396100EDE4E2 /* Project object */;
}
